
Microsoft Visual Studio Solution File, Format Version 12.00
# Visual Studio Version 16
VisualStudioVersion = 16.0.32002.261
MinimumVisualStudioVersion = 10.0.40219.1
Project("{9A19103F-16F7-4668-BE54-9A1E7A4F7556}") = "BetterObsideo", "BetterObsideo\BetterObsideo.csproj", "{829954EE-EF92-4DD5-BA40-DBB3A14112AB}"
EndProject
Global
	GlobalSection(SolutionConfigurationPlatforms) = preSolution
		Debug|Any CPU = Debug|Any CPU
		Release|Any CPU = Release|Any CPU
	EndGlobalSection
	GlobalSection(ProjectConfigurationPlatforms) = postSolution
		{829954EE-EF92-4DD5-BA40-DBB3A14112AB}.Debug|Any CPU.ActiveCfg = Debug|Any CPU
		{829954EE-EF92-4DD5-BA40-DBB3A14112AB}.Debug|Any CPU.Build.0 = Debug|Any CPU
		{829954EE-EF92-4DD5-BA40-DBB3A14112AB}.Release|Any CPU.ActiveCfg = Release|Any CPU
		{829954EE-EF92-4DD5-BA40-DBB3A14112AB}.Release|Any CPU.Build.0 = Release|Any CPU
	EndGlobalSection
	GlobalSection(SolutionProperties) = preSolution
		HideSolutionNode = FALSE
	EndGlobalSection
	GlobalSection(ExtensibilityGlobals) = postSolution
		SolutionGuid = {20817265-78F3-49C6-96F2-C09E698B8B4E}
	EndGlobalSection
EndGlobal
